github.com/behavioral-ai/collective v0.0.0-20250517215707-43563ae301ff h1:iKOYh2Vqz156BR/JzpK0+xRQt+z4kojGLahTSOyXsNE=
github.com/behavioral-ai/collective v0.0.0-20250517215707-43563ae301ff/go.mod h1:efQFou3zMhOJw6ZdX8xvpe775MpW74CoUtdLKBjpFjQ=
github.com/behavioral-ai/collective v0.0.0-20250517223154-f6e9119236ca h1:LE6brCso1oCbzn/uVwUQy9FcMOBG8+lWM9ryDErim1s=
github.com/behavioral-ai/collective v0.0.0-20250517223154-f6e9119236ca/go.mod h1:efQFou3zMhOJw6ZdX8xvpe775MpW74CoUtdLKBjpFjQ=
github.com/behavioral-ai/collective v0.0.0-20250517225522-4c4a1f5c75be h1:aZIGc9CVJUw0ds/Zb6ok0E38uXi8sJbAWt/JMlIPey0=
github.com/behavioral-ai/collective v0.0.0-20250517225522-4c4a1f5c75be/go.mod h1:efQFou3zMhOJw6ZdX8xvpe775MpW74CoUtdLKBjpFjQ=
github.com/behavioral-ai/collective v0.0.0-20250526152254-b9ea361c576d h1:p6/2Gvv7jd1rIAg+HecX73HVe2rJkftYSP0Ih49rkHQ=
github.com/behavioral-ai/collective v0.0.0-20250526152254-b9ea361c576d/go.mod h1:TSLtJwk9kxP9ProfET2qNUZXsOIJtCDT7jMfNYT3+7g=
github.com/behavioral-ai/collective v0.0.0-20250526160846-3c22add70161 h1:2lDRfnfzFvDs4XtoS37ILqNJVS/jMziE/hau1Sxyums=
github.com/behavioral-ai/collective v0.0.0-20250526160846-3c22add70161/go.mod h1:kl36je//DxIYmXabc8H2g1eoqO6y2xJi2ViH8RH6mKs=
github.com/behavioral-ai/core v0.0.0-20250502122607-6a6b79298548 h1:xMG7gyFjvgGmQ1VMwrqkqOJdG7FEZ3HzABmLTRPUmW4=
github.com/behavioral-ai/core v0.0.0-20250502122607-6a6b79298548/go.mod h1:sqpbaRPtMXUb4j6CbCuwWvQrD6pUKJm5oZEKPDynlPE=
github.com/behavioral-ai/core v0.0.0-20250517214557-c35de3bb23c9 h1:zc55dY/7jJEMclOM+4Xh42IvqlLgFxiur0AiQj/HRTE=
github.com/behavioral-ai/core v0.0.0-20250517214557-c35de3bb23c9/go.mod h1:sqpbaRPtMXUb4j6CbCuwWvQrD6pUKJm5oZEKPDynlPE=
github.com/behavioral-ai/core v0.0.0-20250517221655-fe6483987b59 h1:NRrcTNFYoeme3xJieGGnYucGNvXoP9dttkqHfb/M4X4=
github.com/behavioral-ai/core v0.0.0-20250517221655-fe6483987b59/go.mod h1:sqpbaRPtMXUb4j6CbCuwWvQrD6pUKJm5oZEKPDynlPE=
github.com/behavioral-ai/core v0.0.0-20250525171601-eff30cb79e5c h1:dWWullFnsAKQSyW8wcflgSrVRDatxci1iqdIgD1OxY8=
github.com/behavioral-ai/core v0.0.0-20250525171601-eff30cb79e5c/go.mod h1:sqpbaRPtMXUb4j6CbCuwWvQrD6pUKJm5oZEKPDynlPE=
github.com/behavioral-ai/core v0.0.0-20250526151952-9ef72ef9e858 h1:/6P83RAMurAwbI3yA2ELOLbAYOS+d9Mrwnkc6l/4Fz0=
github.com/behavioral-ai/core v0.0.0-20250526151952-9ef72ef9e858/go.mod h1:sqpbaRPtMXUb4j6CbCuwWvQrD6pUKJm5oZEKPDynlPE=
github.com/behavioral-ai/core v0.0.0-20250526153747-7aa4875a32f7 h1:gs0ja0Htu0I4kTiyDfNJaI1cPDW5CDu2awSqU/vs3Lo=
github.com/behavioral-ai/core v0.0.0-20250526153747-7aa4875a32f7/go.mod h1:sqpbaRPtMXUb4j6CbCuwWvQrD6pUKJm5oZEKPDynlPE=
github.com/google/uuid v1.6.0 h1:NIvaJDMOsjHA8n1jAhLSgzrAzy1Hgr+hNrb57e+94F0=
github.com/google/uuid v1.6.0/go.mod h1:TIyPZe4MgqvfeYDBFedMoGGpEw/LqOeaOT+nhxU+yHo=
