github.com/behavioral-ai/collective v0.0.0-20250412124327-fd9a63ef30c2 h1:3HL9m4nK35uONV+pRCfVroTHCPX/plPj9rq2WQViCts=
github.com/behavioral-ai/collective v0.0.0-20250412124327-fd9a63ef30c2/go.mod h1:WV/Ua3YWZkQ3l9PK+Sz9nZN/dSEPni5isUE+64DW62g=
github.com/behavioral-ai/collective v0.0.0-20250413131003-8dde5386a6b0 h1:aRUmt6F8Fza3eibFESMxkpeHxb1SA0NlrmJ8+4jRTPo=
github.com/behavioral-ai/collective v0.0.0-20250413131003-8dde5386a6b0/go.mod h1:W3/emQRJg8M9DqKo65/7oRsVE4nfnKgTsMLsBKfChFA=
github.com/behavioral-ai/collective v0.0.0-20250414150052-469aea45b2ba h1:fmRYT8768sZ11Kb8N9rjgZAx5ewTQ32jM3TcdxHpLzI=
github.com/behavioral-ai/collective v0.0.0-20250414150052-469aea45b2ba/go.mod h1:6DPhjtkk49SrUAOXV9g/pJHElRZTxrI4gu/BYh+5UzI=
github.com/behavioral-ai/collective v0.0.0-20250415162238-6782057a4fd9 h1:gCt69RUz72DVy6IA8BvDEFybed6crCFl0vyZ/tDtl+I=
github.com/behavioral-ai/collective v0.0.0-20250415162238-6782057a4fd9/go.mod h1:1y5YYVjF+VI/81k75OjGmHkwEPZidczGBVSFWZlOgvc=
github.com/behavioral-ai/core v0.0.0-20250411142906-650fb3db3312 h1:6eBdim4EsuxMKDEz7ShLgO89Az+yj0KteEFPZ/oQAJo=
github.com/behavioral-ai/core v0.0.0-20250411142906-650fb3db3312/go.mod h1:sqpbaRPtMXUb4j6CbCuwWvQrD6pUKJm5oZEKPDynlPE=
github.com/behavioral-ai/core v0.0.0-20250413124518-e57a26c31dd6 h1:Z7FNR5vp0CwUTXGZXIw45WdurO/rp/5BeknJVBdTpdM=
github.com/behavioral-ai/core v0.0.0-20250413124518-e57a26c31dd6/go.mod h1:sqpbaRPtMXUb4j6CbCuwWvQrD6pUKJm5oZEKPDynlPE=
github.com/behavioral-ai/core v0.0.0-20250413132633-fe6ca2c9a2ff h1:ZJu1OFp9sS1H/olgsG6Hb+tWjqIvijriRXNayk9iDJI=
github.com/behavioral-ai/core v0.0.0-20250413132633-fe6ca2c9a2ff/go.mod h1:sqpbaRPtMXUb4j6CbCuwWvQrD6pUKJm5oZEKPDynlPE=
github.com/behavioral-ai/core v0.0.0-20250414130613-02eca22c6dee h1:oguU2iDhSA3+VuLWIQsGtRoUqa8CWew11KAD6pBsFPg=
github.com/behavioral-ai/core v0.0.0-20250414130613-02eca22c6dee/go.mod h1:sqpbaRPtMXUb4j6CbCuwWvQrD6pUKJm5oZEKPDynlPE=
github.com/behavioral-ai/core v0.0.0-20250414134453-27a586813512 h1:HzQUx8oOt48iU6SruWp8IKaTY242TnaEF3twhg85qZc=
github.com/behavioral-ai/core v0.0.0-20250414134453-27a586813512/go.mod h1:sqpbaRPtMXUb4j6CbCuwWvQrD6pUKJm5oZEKPDynlPE=
github.com/behavioral-ai/core v0.0.0-20250415134406-927770e5d6f7 h1:AT+G28WK4o0pFmTiBjWR7Ja35xGRrxrjmqq2akHPQ28=
github.com/behavioral-ai/core v0.0.0-20250415134406-927770e5d6f7/go.mod h1:sqpbaRPtMXUb4j6CbCuwWvQrD6pUKJm5oZEKPDynlPE=
github.com/behavioral-ai/core v0.0.0-20250416124259-53c9ab9c3e87 h1:665WOUMgmKsQGskiLCto3l9wX3QJU2byVhcw+QgWHuo=
github.com/behavioral-ai/core v0.0.0-20250416124259-53c9ab9c3e87/go.mod h1:sqpbaRPtMXUb4j6CbCuwWvQrD6pUKJm5oZEKPDynlPE=
github.com/behavioral-ai/core v0.0.0-20250416131557-fa83e7a150e1 h1:ZoMYOFw64Wj753El2jxttv4JVK5uith/MunMCja5RBo=
github.com/behavioral-ai/core v0.0.0-20250416131557-fa83e7a150e1/go.mod h1:sqpbaRPtMXUb4j6CbCuwWvQrD6pUKJm5oZEKPDynlPE=
github.com/google/uuid v1.6.0 h1:NIvaJDMOsjHA8n1jAhLSgzrAzy1Hgr+hNrb57e+94F0=
github.com/google/uuid v1.6.0/go.mod h1:TIyPZe4MgqvfeYDBFedMoGGpEw/LqOeaOT+nhxU+yHo=
